{
  "name": "api",
  "version": "1.0.0",
  "lockfileVersion": 2,
  "requires": true,
  "packages": {
    "": {
      "name": "api",
      "version": "1.0.0",
      "license": "ISC",
      "dependencies": {
        "@sapphire/prettier-config": "^1.2.9",
        "@sapphire/ts-config": "^3.1.8",
        "typescript": "^4.5.5"
      }
    },
    "node_modules/@sapphire/prettier-config": {
      "version": "1.2.9",
      "resolved": "https://registry.npmjs.org/@sapphire/prettier-config/-/prettier-config-1.2.9.tgz",
      "integrity": "sha512-GEaU2mcsRHpeKNQHCKtQqKqDton7vu+XderNvM+AvPx2bQFZTCQjlCXAZ2D1WSjmJSPIh6f7E5HTG2EufOclzQ==",
      "dependencies": {
        "prettier": "^2.5.1"
      },
      "engines": {
        "node": ">=v14.0.0",
        "npm": ">=7.0.0"
      }
    },
    "node_modules/@sapphire/ts-config": {
      "version": "3.1.8",
      "resolved": "https://registry.npmjs.org/@sapphire/ts-config/-/ts-config-3.1.8.tgz",
      "integrity": "sha512-LAmX2/wlbG75FamaZbHsQL7XUMqgL4AYpYdBuboOScSsH3VpY4k3NrY5dgenzm02RF7XG5mTZ6Z0/dUtjCk51g==",
      "dependencies": {
        "tslib": "^2.3.1",
        "typescript": "^4.5.4"
      },
      "engines": {
        "node": ">=v14.0.0",
        "npm": ">=7.0.0"
      }
    },
    "node_modules/prettier": {
      "version": "2.5.1",
      "resolved": "https://registry.npmjs.org/prettier/-/prettier-2.5.1.tgz",
      "integrity": "sha512-vBZcPRUR5MZJwoyi3ZoyQlc1rXeEck8KgeC9AwwOn+exuxLxq5toTRDTSaVrXHxelDMHy9zlicw8u66yxoSUFg==",
      "bin": {
        "prettier": "bin-prettier.js"
      },
      "engines": {
        "node": ">=10.13.0"
      }
    },
    "node_modules/tslib": {
      "version": "2.3.1",
      "resolved": "https://registry.npmjs.org/tslib/-/tslib-2.3.1.tgz",
      "integrity": "sha512-77EbyPPpMz+FRFRuAFlWMtmgUWGe9UOG2Z25NqCwiIjRhOf5iKGuzSe5P2w1laq+FkRy4p+PCuVkJSGkzTEKVw=="
    },
    "node_modules/typescript": {
      "version": "4.5.5",
      "resolved": "https://registry.npmjs.org/typescript/-/typescript-4.5.5.tgz",
      "integrity": "sha512-TCTIul70LyWe6IJWT8QSYeA54WQe8EjQFU4wY52Fasj5UKx88LNYKCgBEHcOMOrFF1rKGbD8v/xcNWVUq9SymA==",
      "bin": {
        "tsc": "bin/tsc",
        "tsserver": "bin/tsserver"
      },
      "engines": {
        "node": ">=4.2.0"
      }
    }
  },
  "dependencies": {
    "@sapphire/prettier-config": {
      "version": "1.2.9",
      "resolved": "https://registry.npmjs.org/@sapphire/prettier-config/-/prettier-config-1.2.9.tgz",
      "integrity": "sha512-GEaU2mcsRHpeKNQHCKtQqKqDton7vu+XderNvM+AvPx2bQFZTCQjlCXAZ2D1WSjmJSPIh6f7E5HTG2EufOclzQ==",
      "requires": {
        "prettier": "^2.5.1"
      }
    },
    "@sapphire/ts-config": {
      "version": "3.1.8",
      "resolved": "https://registry.npmjs.org/@sapphire/ts-config/-/ts-config-3.1.8.tgz",
      "integrity": "sha512-LAmX2/wlbG75FamaZbHsQL7XUMqgL4AYpYdBuboOScSsH3VpY4k3NrY5dgenzm02RF7XG5mTZ6Z0/dUtjCk51g==",
      "requires": {
        "tslib": "^2.3.1",
        "typescript": "^4.5.4"
      }
    },
    "prettier": {
      "version": "2.5.1",
      "resolved": "https://registry.npmjs.org/prettier/-/prettier-2.5.1.tgz",
      "integrity": "sha512-vBZcPRUR5MZJwoyi3ZoyQlc1rXeEck8KgeC9AwwOn+exuxLxq5toTRDTSaVrXHxelDMHy9zlicw8u66yxoSUFg=="
    },
    "tslib": {
      "version": "2.3.1",
      "resolved": "https://registry.npmjs.org/tslib/-/tslib-2.3.1.tgz",
      "integrity": "sha512-77EbyPPpMz+FRFRuAFlWMtmgUWGe9UOG2Z25NqCwiIjRhOf5iKGuzSe5P2w1laq+FkRy4p+PCuVkJSGkzTEKVw=="
    },
    "typescript": {
      "version": "4.5.5",
      "resolved": "https://registry.npmjs.org/typescript/-/typescript-4.5.5.tgz",
      "integrity": "sha512-TCTIul70LyWe6IJWT8QSYeA54WQe8EjQFU4wY52Fasj5UKx88LNYKCgBEHcOMOrFF1rKGbD8v/xcNWVUq9SymA=="
    }
  }
}
